{
  "name": "distributed-identity-protocol",
  "version": "0.0.1",
  "lockfileVersion": 1,
  "requires": true,
  "dependencies": {
    "@types/core-js": {
      "version": "0.9.43",
      "resolved": "https://registry.npmjs.org/@types/core-js/-/core-js-0.9.43.tgz",
      "integrity": "sha512-Y11dktBJ5YwKXX8DfHSb9V6shXKSHN5P2URPZLHTRjX3OsO/u8u1kZnSJvsuSH74aTg8f5ZKcpEeCdIJOcBkHg=="
    },
    "@types/node": {
      "version": "8.5.2",
      "resolved": "https://registry.npmjs.org/@types/node/-/node-8.5.2.tgz",
      "integrity": "sha512-KA4GKOpgXnrqEH2eCVhiv2CsxgXGQJgV1X0vsGlh+WCnxbeAE1GT44ZsTU1IN5dEeV/gDupKa7gWo08V5IxWVQ=="
    },
    "json-stable-stringify": {
      "version": "1.0.1",
      "resolved": "https://registry.npmjs.org/json-stable-stringify/-/json-stable-stringify-1.0.1.tgz",
      "integrity": "sha1-mnWdOcXy/1A/1TAGRu1EX4jE+a8=",
      "requires": {
        "jsonify": "0.0.0"
      }
    },
    "jsonify": {
      "version": "0.0.0",
      "resolved": "https://registry.npmjs.org/jsonify/-/jsonify-0.0.0.tgz",
      "integrity": "sha1-LHS27kHZPKUbe1qu6PUDYx0lKnM="
    },
    "supercop.js": {
      "version": "2.0.1",
      "resolved": "https://registry.npmjs.org/supercop.js/-/supercop.js-2.0.1.tgz",
      "integrity": "sha1-H8/p/F/25CrvTjaDY2yMuJFZSxg="
    },
    "ts-crypto": {
      "version": "0.0.3",
      "resolved": "https://registry.npmjs.org/ts-crypto/-/ts-crypto-0.0.3.tgz",
      "integrity": "sha512-cXNTbx/FjJCzcHXCKP1bbgrHiKJrbU6NIjWLMTUIG535py1uUm+JEIOIwc6Esr6/g//z9Fz6dt0D94Z4w7qnaQ==",
      "requires": {
        "@types/core-js": "0.9.43",
        "@types/node": "8.5.2",
        "json-stable-stringify": "1.0.1"
      }
    }
  }
}
